
Microsoft Visual Studio Solution File, Format Version 12.00
# Visual Studio 15
Project("{FAE04EC0-301F-11D3-BF4B-00C04F79EFBC}") = "Assembly-CSharp", "Assembly-CSharp.csproj", "{B8B5B3C9-C172-5DD6-AF6C-25886A15E2A3}"
EndProject
Project("{FAE04EC0-301F-11D3-BF4B-00C04F79EFBC}") = "Assembly-CSharp-Editor", "Assembly-CSharp-Editor.csproj", "{C42B878F-F4C1-9ED3-DB4E-CACC5E3DB282}"
EndProject
Global
	GlobalSection(SolutionConfigurationPlatforms) = preSolution
		Debug|Any CPU = Debug|Any CPU
		Release|Any CPU = Release|Any CPU
	EndGlobalSection
	GlobalSection(ProjectConfigurationPlatforms) = postSolution
		{B8B5B3C9-C172-5DD6-AF6C-25886A15E2A3}.Debug|Any CPU.ActiveCfg = Debug|Any CPU
		{B8B5B3C9-C172-5DD6-AF6C-25886A15E2A3}.Debug|Any CPU.Build.0 = Debug|Any CPU
		{B8B5B3C9-C172-5DD6-AF6C-25886A15E2A3}.Release|Any CPU.ActiveCfg = Release|Any CPU
		{B8B5B3C9-C172-5DD6-AF6C-25886A15E2A3}.Release|Any CPU.Build.0 = Release|Any CPU
		{C42B878F-F4C1-9ED3-DB4E-CACC5E3DB282}.Debug|Any CPU.ActiveCfg = Debug|Any CPU
		{C42B878F-F4C1-9ED3-DB4E-CACC5E3DB282}.Debug|Any CPU.Build.0 = Debug|Any CPU
		{C42B878F-F4C1-9ED3-DB4E-CACC5E3DB282}.Release|Any CPU.ActiveCfg = Release|Any CPU
		{C42B878F-F4C1-9ED3-DB4E-CACC5E3DB282}.Release|Any CPU.Build.0 = Release|Any CPU
	EndGlobalSection
	GlobalSection(SolutionProperties) = preSolution
		HideSolutionNode = FALSE
	EndGlobalSection
EndGlobal
